
Microsoft Visual Studio Solution File, Format Version 12.00
# Visual Studio Version 17
VisualStudioVersion = 17.11.35327.3
MinimumVisualStudioVersion = 10.0.40219.1
Project("{FAE04EC0-301F-11D3-BF4B-00C04F79EFBC}") = "TOPS-2.0", "TOPS-2.0\TOPS-2.0.csproj", "{358CFB1C-C5A9-4ACD-8296-A3BCC36CDC18}"
EndProject
Global
	GlobalSection(SolutionConfigurationPlatforms) = preSolution
		Debug|Any CPU = Debug|Any CPU
		Release|Any CPU = Release|Any CPU
	EndGlobalSection
	GlobalSection(ProjectConfigurationPlatforms) = postSolution
		{358CFB1C-C5A9-4ACD-8296-A3BCC36CDC18}.Debug|Any CPU.ActiveCfg = Debug|Any CPU
		{358CFB1C-C5A9-4ACD-8296-A3BCC36CDC18}.Debug|Any CPU.Build.0 = Debug|Any CPU
		{358CFB1C-C5A9-4ACD-8296-A3BCC36CDC18}.Release|Any CPU.ActiveCfg = Release|Any CPU
		{358CFB1C-C5A9-4ACD-8296-A3BCC36CDC18}.Release|Any CPU.Build.0 = Release|Any CPU
	EndGlobalSection
	GlobalSection(SolutionProperties) = preSolution
		HideSolutionNode = FALSE
	EndGlobalSection
	GlobalSection(ExtensibilityGlobals) = postSolution
		SolutionGuid = {3BAD523A-A78F-4AC9-BC7F-CAB70881A896}
	EndGlobalSection
EndGlobal
