
Microsoft Visual Studio Solution File, Format Version 12.00
# Visual Studio Version 17
VisualStudioVersion = 17.11.35327.3
MinimumVisualStudioVersion = 10.0.40219.1
Project("{9A19103F-16F7-4668-BE54-9A1E7A4F7556}") = "TOPS-2.0", "TOPS-2.0\TOPS-2.0.csproj", "{358CFB1C-C5A9-4ACD-8296-A3BCC36CDC18}"
EndProject
Project("{2150E333-8FDC-42A3-9474-1A3956D46DE8}") = "Solution Items", "Solution Items", "{CDBE8324-96AF-4D63-9CBA-88D466CBA070}"
EndProject
Project("{FAE04EC0-301F-11D3-BF4B-00C04F79EFBC}") = "DomainModel", "DomainModel\DomainModel.csproj", "{917BFEB5-9B39-4C8E-A1BF-963DDA13D7E3}"
EndProject
Project("{FAE04EC0-301F-11D3-BF4B-00C04F79EFBC}") = "DataAccessLayer", "DataAccessLayer\DataAccessLayer.csproj", "{B1EE6983-F7BC-41DB-8A5A-0A1819972D3C}"
EndProject
Global
	GlobalSection(SolutionConfigurationPlatforms) = preSolution
		Debug|Any CPU = Debug|Any CPU
		Release|Any CPU = Release|Any CPU
	EndGlobalSection
	GlobalSection(ProjectConfigurationPlatforms) = postSolution
		{358CFB1C-C5A9-4ACD-8296-A3BCC36CDC18}.Debug|Any CPU.ActiveCfg = Debug|Any CPU
		{358CFB1C-C5A9-4ACD-8296-A3BCC36CDC18}.Debug|Any CPU.Build.0 = Debug|Any CPU
		{358CFB1C-C5A9-4ACD-8296-A3BCC36CDC18}.Release|Any CPU.ActiveCfg = Release|Any CPU
		{358CFB1C-C5A9-4ACD-8296-A3BCC36CDC18}.Release|Any CPU.Build.0 = Release|Any CPU
		{917BFEB5-9B39-4C8E-A1BF-963DDA13D7E3}.Debug|Any CPU.ActiveCfg = Debug|Any CPU
		{917BFEB5-9B39-4C8E-A1BF-963DDA13D7E3}.Debug|Any CPU.Build.0 = Debug|Any CPU
		{917BFEB5-9B39-4C8E-A1BF-963DDA13D7E3}.Release|Any CPU.ActiveCfg = Release|Any CPU
		{917BFEB5-9B39-4C8E-A1BF-963DDA13D7E3}.Release|Any CPU.Build.0 = Release|Any CPU
		{B1EE6983-F7BC-41DB-8A5A-0A1819972D3C}.Debug|Any CPU.ActiveCfg = Debug|Any CPU
		{B1EE6983-F7BC-41DB-8A5A-0A1819972D3C}.Debug|Any CPU.Build.0 = Debug|Any CPU
		{B1EE6983-F7BC-41DB-8A5A-0A1819972D3C}.Release|Any CPU.ActiveCfg = Release|Any CPU
		{B1EE6983-F7BC-41DB-8A5A-0A1819972D3C}.Release|Any CPU.Build.0 = Release|Any CPU
	EndGlobalSection
	GlobalSection(SolutionProperties) = preSolution
		HideSolutionNode = FALSE
	EndGlobalSection
	GlobalSection(ExtensibilityGlobals) = postSolution
		SolutionGuid = {3BAD523A-A78F-4AC9-BC7F-CAB70881A896}
	EndGlobalSection
EndGlobal
